
Microsoft Visual Studio Solution File, Format Version 12.00
# Visual Studio Version 17
VisualStudioVersion = 17.2.32630.192
MinimumVisualStudioVersion = 10.0.40219.1
Project("{8BC9CEB8-8B4A-11D0-8D11-00A0C91BC942}") = "Lib", "Lib\Lib.vcxproj", "{A9B52983-DBF6-4941-82BB-70389BF9D262}"
EndProject
Project("{8BC9CEB8-8B4A-11D0-8D11-00A0C91BC942}") = "Race", "Race\Race.vcxproj", "{4DA840EF-7851-4BA8-80B2-2A96B0EEEDFA}"
EndProject
Global
	GlobalSection(SolutionConfigurationPlatforms) = preSolution
		Debug|x64 = Debug|x64
		Debug|x86 = Debug|x86
		Release|x64 = Release|x64
		Release|x86 = Release|x86
	EndGlobalSection
	GlobalSection(ProjectConfigurationPlatforms) = postSolution
		{A9B52983-DBF6-4941-82BB-70389BF9D262}.Debug|x64.ActiveCfg = Debug|x64
		{A9B52983-DBF6-4941-82BB-70389BF9D262}.Debug|x64.Build.0 = Debug|x64
		{A9B52983-DBF6-4941-82BB-70389BF9D262}.Debug|x86.ActiveCfg = Debug|Win32
		{A9B52983-DBF6-4941-82BB-70389BF9D262}.Debug|x86.Build.0 = Debug|Win32
		{A9B52983-DBF6-4941-82BB-70389BF9D262}.Release|x64.ActiveCfg = Release|x64
		{A9B52983-DBF6-4941-82BB-70389BF9D262}.Release|x64.Build.0 = Release|x64
		{A9B52983-DBF6-4941-82BB-70389BF9D262}.Release|x86.ActiveCfg = Release|Win32
		{A9B52983-DBF6-4941-82BB-70389BF9D262}.Release|x86.Build.0 = Release|Win32
		{4DA840EF-7851-4BA8-80B2-2A96B0EEEDFA}.Debug|x64.ActiveCfg = Debug|x64
		{4DA840EF-7851-4BA8-80B2-2A96B0EEEDFA}.Debug|x64.Build.0 = Debug|x64
		{4DA840EF-7851-4BA8-80B2-2A96B0EEEDFA}.Debug|x86.ActiveCfg = Debug|Win32
		{4DA840EF-7851-4BA8-80B2-2A96B0EEEDFA}.Debug|x86.Build.0 = Debug|Win32
		{4DA840EF-7851-4BA8-80B2-2A96B0EEEDFA}.Release|x64.ActiveCfg = Release|x64
		{4DA840EF-7851-4BA8-80B2-2A96B0EEEDFA}.Release|x64.Build.0 = Release|x64
		{4DA840EF-7851-4BA8-80B2-2A96B0EEEDFA}.Release|x86.ActiveCfg = Release|Win32
		{4DA840EF-7851-4BA8-80B2-2A96B0EEEDFA}.Release|x86.Build.0 = Release|Win32
	EndGlobalSection
	GlobalSection(SolutionProperties) = preSolution
		HideSolutionNode = FALSE
	EndGlobalSection
	GlobalSection(ExtensibilityGlobals) = postSolution
		SolutionGuid = {B12689DC-2D83-4626-AAD7-17A29FE00C58}
	EndGlobalSection
EndGlobal
